
Microsoft Visual Studio Solution File, Format Version 12.00
# Visual Studio Version 16
VisualStudioVersion = 16.0.30406.217
MinimumVisualStudioVersion = 10.0.40219.1
Project("{FAE04EC0-301F-11D3-BF4B-00C04F79EFBC}") = "Proyek-PV", "Proyek-PV\Proyek-PV.csproj", "{810FAA65-E013-478A-8069-E81E6EB46077}"
EndProject
Global
	GlobalSection(SolutionConfigurationPlatforms) = preSolution
		Debug|Any CPU = Debug|Any CPU
		Release|Any CPU = Release|Any CPU
	EndGlobalSection
	GlobalSection(ProjectConfigurationPlatforms) = postSolution
		{810FAA65-E013-478A-8069-E81E6EB46077}.Debug|Any CPU.ActiveCfg = Debug|Any CPU
		{810FAA65-E013-478A-8069-E81E6EB46077}.Debug|Any CPU.Build.0 = Debug|Any CPU
		{810FAA65-E013-478A-8069-E81E6EB46077}.Release|Any CPU.ActiveCfg = Release|Any CPU
		{810FAA65-E013-478A-8069-E81E6EB46077}.Release|Any CPU.Build.0 = Release|Any CPU
	EndGlobalSection
	GlobalSection(SolutionProperties) = preSolution
		HideSolutionNode = FALSE
	EndGlobalSection
	GlobalSection(ExtensibilityGlobals) = postSolution
		SolutionGuid = {34D13C76-6406-4BF4-BF19-4178B024F393}
	EndGlobalSection
EndGlobal
